
Microsoft Visual Studio Solution File, Format Version 12.00
# Visual Studio 15
VisualStudioVersion = 15.0.28307.572
MinimumVisualStudioVersion = 10.0.40219.1
Project("{FAE04EC0-301F-11D3-BF4B-00C04F79EFBC}") = "Projeto Windows form", "Projeto Windows form\Projeto Windows form.csproj", "{0E395819-BBD6-40E8-BB91-F0711F523CBD}"
EndProject
Global
	GlobalSection(SolutionConfigurationPlatforms) = preSolution
		Debug|Any CPU = Debug|Any CPU
		Release|Any CPU = Release|Any CPU
	EndGlobalSection
	GlobalSection(ProjectConfigurationPlatforms) = postSolution
		{0E395819-BBD6-40E8-BB91-F0711F523CBD}.Debug|Any CPU.ActiveCfg = Debug|Any CPU
		{0E395819-BBD6-40E8-BB91-F0711F523CBD}.Debug|Any CPU.Build.0 = Debug|Any CPU
		{0E395819-BBD6-40E8-BB91-F0711F523CBD}.Release|Any CPU.ActiveCfg = Release|Any CPU
		{0E395819-BBD6-40E8-BB91-F0711F523CBD}.Release|Any CPU.Build.0 = Release|Any CPU
	EndGlobalSection
	GlobalSection(SolutionProperties) = preSolution
		HideSolutionNode = FALSE
	EndGlobalSection
	GlobalSection(ExtensibilityGlobals) = postSolution
		SolutionGuid = {EE5C2D23-737D-4CA0-978D-2E497E012BB3}
	EndGlobalSection
EndGlobal
